
Microsoft Visual Studio Solution File, Format Version 12.00
# Visual Studio Version 17
VisualStudioVersion = 17.2.32314.265
MinimumVisualStudioVersion = 10.0.40219.1
Project("{9A19103F-16F7-4668-BE54-9A1E7A4F7556}") = "observe", "observe.csproj", "{63C61E36-69A1-4FFA-BE1E-68F19DF0F474}"
EndProject
Global
	GlobalSection(SolutionConfigurationPlatforms) = preSolution
		Debug|Any CPU = Debug|Any CPU
		Release|Any CPU = Release|Any CPU
	EndGlobalSection
	GlobalSection(ProjectConfigurationPlatforms) = postSolution
		{63C61E36-69A1-4FFA-BE1E-68F19DF0F474}.Debug|Any CPU.ActiveCfg = Debug|Any CPU
		{63C61E36-69A1-4FFA-BE1E-68F19DF0F474}.Debug|Any CPU.Build.0 = Debug|Any CPU
		{63C61E36-69A1-4FFA-BE1E-68F19DF0F474}.Release|Any CPU.ActiveCfg = Release|Any CPU
		{63C61E36-69A1-4FFA-BE1E-68F19DF0F474}.Release|Any CPU.Build.0 = Release|Any CPU
	EndGlobalSection
	GlobalSection(SolutionProperties) = preSolution
		HideSolutionNode = FALSE
	EndGlobalSection
	GlobalSection(ExtensibilityGlobals) = postSolution
		SolutionGuid = {EA34E03A-0F85-482F-9FFA-5EB373F80CDC}
	EndGlobalSection
EndGlobal
